
Microsoft Visual Studio Solution File, Format Version 12.00
# Visual Studio Version 17
VisualStudioVersion = 17.0.31903.59
MinimumVisualStudioVersion = 10.0.40219.1
Project("{FAE04EC0-301F-11D3-BF4B-00C04F79EFBC}") = "Dima.Core", "Dima.Core\Dima.Core.csproj", "{166408CF-D70A-43CF-B177-8EEB1607BA9E}"
EndProject
Project("{FAE04EC0-301F-11D3-BF4B-00C04F79EFBC}") = "Dima.Api", "Dima.Api\Dima.Api.csproj", "{15FA141A-C1C0-4F4D-AA23-530E714F6398}"
EndProject
Global
	GlobalSection(SolutionConfigurationPlatforms) = preSolution
		Debug|Any CPU = Debug|Any CPU
		Release|Any CPU = Release|Any CPU
	EndGlobalSection
	GlobalSection(SolutionProperties) = preSolution
		HideSolutionNode = FALSE
	EndGlobalSection
	GlobalSection(ProjectConfigurationPlatforms) = postSolution
		{166408CF-D70A-43CF-B177-8EEB1607BA9E}.Debug|Any CPU.ActiveCfg = Debug|Any CPU
		{166408CF-D70A-43CF-B177-8EEB1607BA9E}.Debug|Any CPU.Build.0 = Debug|Any CPU
		{166408CF-D70A-43CF-B177-8EEB1607BA9E}.Release|Any CPU.ActiveCfg = Release|Any CPU
		{166408CF-D70A-43CF-B177-8EEB1607BA9E}.Release|Any CPU.Build.0 = Release|Any CPU
		{15FA141A-C1C0-4F4D-AA23-530E714F6398}.Debug|Any CPU.ActiveCfg = Debug|Any CPU
		{15FA141A-C1C0-4F4D-AA23-530E714F6398}.Debug|Any CPU.Build.0 = Debug|Any CPU
		{15FA141A-C1C0-4F4D-AA23-530E714F6398}.Release|Any CPU.ActiveCfg = Release|Any CPU
		{15FA141A-C1C0-4F4D-AA23-530E714F6398}.Release|Any CPU.Build.0 = Release|Any CPU
	EndGlobalSection
EndGlobal
